// !$*UTF8*$!
{
	archiveVersion = 1;
	classes = {
	};
	objectVersion = 46;
	objects = {

/* Begin PBXBuildFile section */
		F26AA6EF1982F8AC008D6A57 /* AssetsLibrary.framework in Frameworks */ = {isa = PBXBuildFile; fileRef = F26AA6EE1982F8AC008D6A57 /* AssetsLibrary.framework */; };
		F2910DFD197D877A00EBA181 /* AppDelegate.swift in Sources */ = {isa = PBXBuildFile; fileRef = F2910DFC197D877A00EBA181 /* AppDelegate.swift */; };
		F2910DFF197D877A00EBA181 /* PeopleViewController.swift in Sources */ = {isa = PBXBuildFile; fileRef = F2910DFE197D877A00EBA181 /* PeopleViewController.swift */; };
		F2910E02197D877A00EBA181 /* Main.storyboard in Resources */ = {isa = PBXBuildFile; fileRef = F2910E00197D877A00EBA181 /* Main.storyboard */; };
		F2910E04197D877A00EBA181 /* Images.xcassets in Resources */ = {isa = PBXBuildFile; fileRef = F2910E03197D877A00EBA181 /* Images.xcassets */; };
		F2910E10197D877A00EBA181 /* ClassRosterB19Tests.swift in Sources */ = {isa = PBXBuildFile; fileRef = F2910E0F197D877A00EBA181 /* ClassRosterB19Tests.swift */; };
		F2910E1D197D89C600EBA181 /* PersonTests.swift in Sources */ = {isa = PBXBuildFile; fileRef = F2910E1C197D89C600EBA181 /* PersonTests.swift */; };
		F2910E1F197D8AC600EBA181 /* Person.swift in Sources */ = {isa = PBXBuildFile; fileRef = F2910E1E197D8AC600EBA181 /* Person.swift */; };
		F2910E20197D8B6400EBA181 /* Person.swift in Sources */ = {isa = PBXBuildFile; fileRef = F2910E1E197D8AC600EBA181 /* Person.swift */; };
		F297C420197EE7860064A27A /* DetailViewController.swift in Sources */ = {isa = PBXBuildFile; fileRef = F297C41F197EE7860064A27A /* DetailViewController.swift */; };
		F2B78C741981F7E300D2C0D2 /* PersonTableViewCell.swift in Sources */ = {isa = PBXBuildFile; fileRef = F2B78C731981F7E300D2C0D2 /* PersonTableViewCell.swift */; };
		F2B78C7619820B6000D2C0D2 /* victoradu.png in Resources */ = {isa = PBXBuildFile; fileRef = F2B78C7519820B6000D2C0D2 /* victoradu.png */; };
		F2B78C8119820B6A00D2C0D2 /* alexrice.png in Resources */ = {isa = PBXBuildFile; fileRef = F2B78C7719820B6A00D2C0D2 /* alexrice.png */; };
		F2B78C8219820B6A00D2C0D2 /* blankface.png in Resources */ = {isa = PBXBuildFile; fileRef = F2B78C7819820B6A00D2C0D2 /* blankface.png */; };
		F2B78C8319820B6A00D2C0D2 /* bradJohnson.png in Resources */ = {isa = PBXBuildFile; fileRef = F2B78C7919820B6A00D2C0D2 /* bradJohnson.png */; };
		F2B78C8419820B6A00D2C0D2 /* collinatherton.png in Resources */ = {isa = PBXBuildFile; fileRef = F2B78C7A19820B6A00D2C0D2 /* collinatherton.png */; };
		F2B78C8519820B6A00D2C0D2 /* danhoang.png in Resources */ = {isa = PBXBuildFile; fileRef = F2B78C7B19820B6A00D2C0D2 /* danhoang.png */; };
		F2B78C8619820B6A00D2C0D2 /* jeffgayle.png in Resources */ = {isa = PBXBuildFile; fileRef = F2B78C7C19820B6A00D2C0D2 /* jeffgayle.png */; };
		F2B78C8719820B6A00D2C0D2 /* johnclem.png in Resources */ = {isa = PBXBuildFile; fileRef = F2B78C7D19820B6A00D2C0D2 /* johnclem.png */; };
		F2B78C8819820B6A00D2C0D2 /* kirbyshabaga.png in Resources */ = {isa = PBXBuildFile; fileRef = F2B78C7E19820B6A00D2C0D2 /* kirbyshabaga.png */; };
		F2B78C8919820B6A00D2C0D2 /* leonardolee.png in Resources */ = {isa = PBXBuildFile; fileRef = F2B78C7F19820B6A00D2C0D2 /* leonardolee.png */; };
		F2B78C8A19820B6A00D2C0D2 /* miketirenin.png in Resources */ = {isa = PBXBuildFile; fileRef = F2B78C8019820B6A00D2C0D2 /* miketirenin.png */; };
		F2B78C8C19821A6400D2C0D2 /* twitterlogo.png in Resources */ = {isa = PBXBuildFile; fileRef = F2B78C8B19821A6400D2C0D2 /* twitterlogo.png */; };
		F2B78C8E19821A6C00D2C0D2 /* githublogo.png in Resources */ = {isa = PBXBuildFile; fileRef = F2B78C8D19821A6C00D2C0D2 /* githublogo.png */; };
		F2DBCF55197DC588002B41AD /* ClassRoster.plist in Resources */ = {isa = PBXBuildFile; fileRef = F2DBCF54197DC588002B41AD /* ClassRoster.plist */; };
		F2DBCF56197DC588002B41AD /* ClassRoster.plist in Resources */ = {isa = PBXBuildFile; fileRef = F2DBCF54197DC588002B41AD /* ClassRoster.plist */; };
/* End PBXBuildFile section */

/* Begin PBXContainerItemProxy section */
		F2910E0A197D877A00EBA181 /* PBXContainerItemProxy */ = {
			isa = PBXContainerItemProxy;
			containerPortal = F2910DEF197D877A00EBA181 /* Project object */;
			proxyType = 1;
			remoteGlobalIDString = F2910DF6197D877A00EBA181;
			remoteInfo = ClassRosterB19;
		};
/* End PBXContainerItemProxy section */

/* Begin PBXFileReference section */
		F26AA6EE1982F8AC008D6A57 /* AssetsLibrary.framework */ = {isa = PBXFileReference; lastKnownFileType = wrapper.framework; name = AssetsLibrary.framework; path = System/Library/Frameworks/AssetsLibrary.framework; sourceTree = SDKROOT; };
		F2910DF7197D877A00EBA181 /* ClassRosterB19.app */ = {isa = PBXFileReference; explicitFileType = wrapper.application; includeInIndex = 0; path = ClassRosterB19.app; sourceTree = BUILT_PRODUCTS_DIR; };
		F2910DFB197D877A00EBA181 /* Info.plist */ = {isa = PBXFileReference; lastKnownFileType = text.plist.xml; path = Info.plist; sourceTree = "<group>"; };
		F2910DFC197D877A00EBA181 /* AppDelegate.swift */ = {isa = PBXFileReference; lastKnownFileType = sourcecode.swift; path = AppDelegate.swift; sourceTree = "<group>"; };
		F2910DFE197D877A00EBA181 /* PeopleViewController.swift */ = {isa = PBXFileReference; lastKnownFileType = sourcecode.swift; path = PeopleViewController.swift; sourceTree = "<group>"; };
		F2910E01197D877A00EBA181 /* Base */ = {isa = PBXFileReference; lastKnownFileType = file.storyboard; name = Base; path = Base.lproj/Main.storyboard; sourceTree = "<group>"; };
		F2910E03197D877A00EBA181 /* Images.xcassets */ = {isa = PBXFileReference; lastKnownFileType = folder.assetcatalog; path = Images.xcassets; sourceTree = "<group>"; };
		F2910E09197D877A00EBA181 /* ClassRosterB19Tests.xctest */ = {isa = PBXFileReference; explicitFileType = wrapper.cfbundle; includeInIndex = 0; path = ClassRosterB19Tests.xctest; sourceTree = BUILT_PRODUCTS_DIR; };
		F2910E0E197D877A00EBA181 /* Info.plist */ = {isa = PBXFileReference; lastKnownFileType = text.plist.xml; path = Info.plist; sourceTree = "<group>"; };
		F2910E0F197D877A00EBA181 /* ClassRosterB19Tests.swift */ = {isa = PBXFileReference; lastKnownFileType = sourcecode.swift; path = ClassRosterB19Tests.swift; sourceTree = "<group>"; };
		F2910E1C197D89C600EBA181 /* PersonTests.swift */ = {isa = PBXFileReference; fileEncoding = 4; lastKnownFileType = sourcecode.swift; path = PersonTests.swift; sourceTree = "<group>"; };
		F2910E1E197D8AC600EBA181 /* Person.swift */ = {isa = PBXFileReference; fileEncoding = 4; lastKnownFileType = sourcecode.swift; path = Person.swift; sourceTree = "<group>"; };
		F297C41F197EE7860064A27A /* DetailViewController.swift */ = {isa = PBXFileReference; fileEncoding = 4; lastKnownFileType = sourcecode.swift; path = DetailViewController.swift; sourceTree = "<group>"; };
		F2B78C731981F7E300D2C0D2 /* PersonTableViewCell.swift */ = {isa = PBXFileReference; fileEncoding = 4; lastKnownFileType = sourcecode.swift; path = PersonTableViewCell.swift; sourceTree = "<group>"; };
		F2B78C7519820B6000D2C0D2 /* victoradu.png */ = {isa = PBXFileReference; lastKnownFileType = image.png; path = victoradu.png; sourceTree = "<group>"; };
		F2B78C7719820B6A00D2C0D2 /* alexrice.png */ = {isa = PBXFileReference; lastKnownFileType = image.png; path = alexrice.png; sourceTree = "<group>"; };
		F2B78C7819820B6A00D2C0D2 /* blankface.png */ = {isa = PBXFileReference; lastKnownFileType = image.png; path = blankface.png; sourceTree = "<group>"; };
		F2B78C7919820B6A00D2C0D2 /* bradJohnson.png */ = {isa = PBXFileReference; lastKnownFileType = image.png; path = bradJohnson.png; sourceTree = "<group>"; };
		F2B78C7A19820B6A00D2C0D2 /* collinatherton.png */ = {isa = PBXFileReference; lastKnownFileType = image.png; path = collinatherton.png; sourceTree = "<group>"; };
		F2B78C7B19820B6A00D2C0D2 /* danhoang.png */ = {isa = PBXFileReference; lastKnownFileType = image.png; path = danhoang.png; sourceTree = "<group>"; };
		F2B78C7C19820B6A00D2C0D2 /* jeffgayle.png */ = {isa = PBXFileReference; lastKnownFileType = image.png; path = jeffgayle.png; sourceTree = "<group>"; };
		F2B78C7D19820B6A00D2C0D2 /* johnclem.png */ = {isa = PBXFileReference; lastKnownFileType = image.png; path = johnclem.png; sourceTree = "<group>"; };
		F2B78C7E19820B6A00D2C0D2 /* kirbyshabaga.png */ = {isa = PBXFileReference; lastKnownFileType = image.png; path = kirbyshabaga.png; sourceTree = "<group>"; };
		F2B78C7F19820B6A00D2C0D2 /* leonardolee.png */ = {isa = PBXFileReference; lastKnownFileType = image.png; path = leonardolee.png; sourceTree = "<group>"; };
		F2B78C8019820B6A00D2C0D2 /* miketirenin.png */ = {isa = PBXFileReference; lastKnownFileType = image.png; path = miketirenin.png; sourceTree = "<group>"; };
		F2B78C8B19821A6400D2C0D2 /* twitterlogo.png */ = {isa = PBXFileReference; lastKnownFileType = image.png; path = twitterlogo.png; sourceTree = "<group>"; };
		F2B78C8D19821A6C00D2C0D2 /* githublogo.png */ = {isa = PBXFileReference; lastKnownFileType = image.png; path = githublogo.png; sourceTree = "<group>"; };
		F2DBCF54197DC588002B41AD /* ClassRoster.plist */ = {isa = PBXFileReference; fileEncoding = 4; lastKnownFileType = text.plist.xml; name = ClassRoster.plist; path = ClassRosterB19/ClassRoster.plist; sourceTree = "<group>"; };
/* End PBXFileReference section */

/* Begin PBXFrameworksBuildPhase section */
		F2910DF4197D877A00EBA181 /* Frameworks */ = {
			isa = PBXFrameworksBuildPhase;
			buildActionMask = 2147483647;
			files = (
				F26AA6EF1982F8AC008D6A57 /* AssetsLibrary.framework in Frameworks */,
			);
			runOnlyForDeploymentPostprocessing = 0;
		};
		F2910E06197D877A00EBA181 /* Frameworks */ = {
			isa = PBXFrameworksBuildPhase;
			buildActionMask = 2147483647;
			files = (
			);
			runOnlyForDeploymentPostprocessing = 0;
		};
/* End PBXFrameworksBuildPhase section */

/* Begin PBXGroup section */
		F2910DEE197D877A00EBA181 = {
			isa = PBXGroup;
			children = (
				F26AA6EE1982F8AC008D6A57 /* AssetsLibrary.framework */,
				F2910DF9197D877A00EBA181 /* ClassRosterB19 */,
				F2910E0C197D877A00EBA181 /* ClassRosterB19Tests */,
				F2910DF8197D877A00EBA181 /* Products */,
			);
			sourceTree = "<group>";
		};
		F2910DF8197D877A00EBA181 /* Products */ = {
			isa = PBXGroup;
			children = (
				F2910DF7197D877A00EBA181 /* ClassRosterB19.app */,
				F2910E09197D877A00EBA181 /* ClassRosterB19Tests.xctest */,
			);
			name = Products;
			sourceTree = "<group>";
		};
		F2910DF9197D877A00EBA181 /* ClassRosterB19 */ = {
			isa = PBXGroup;
			children = (
				F2910E19197D878200EBA181 /* Model */,
				F2910E1B197D879100EBA181 /* View */,
				F2910E1A197D878B00EBA181 /* Controller */,
				F2910E03197D877A00EBA181 /* Images.xcassets */,
				F2910DFA197D877A00EBA181 /* Supporting Files */,
				F297C408197EC01B0064A27A /* photos */,
			);
			path = ClassRosterB19;
			sourceTree = "<group>";
		};
		F2910DFA197D877A00EBA181 /* Supporting Files */ = {
			isa = PBXGroup;
			children = (
				F2910DFB197D877A00EBA181 /* Info.plist */,
			);
			name = "Supporting Files";
			sourceTree = "<group>";
		};
		F2910E0C197D877A00EBA181 /* ClassRosterB19Tests */ = {
			isa = PBXGroup;
			children = (
				F2910E0F197D877A00EBA181 /* ClassRosterB19Tests.swift */,
				F2910E1C197D89C600EBA181 /* PersonTests.swift */,
				F2910E0D197D877A00EBA181 /* Supporting Files */,
			);
			path = ClassRosterB19Tests;
			sourceTree = "<group>";
		};
		F2910E0D197D877A00EBA181 /* Supporting Files */ = {
			isa = PBXGroup;
			children = (
				F2910E0E197D877A00EBA181 /* Info.plist */,
			);
			name = "Supporting Files";
			sourceTree = "<group>";
		};
		F2910E19197D878200EBA181 /* Model */ = {
			isa = PBXGroup;
			children = (
				F2910E1E197D8AC600EBA181 /* Person.swift */,
				F2DBCF54197DC588002B41AD /* ClassRoster.plist */,
			);
			name = Model;
			path = ..;
			sourceTree = "<group>";
		};
		F2910E1A197D878B00EBA181 /* Controller */ = {
			isa = PBXGroup;
			children = (
				F2910DFE197D877A00EBA181 /* PeopleViewController.swift */,
				F297C41F197EE7860064A27A /* DetailViewController.swift */,
				F2910DFC197D877A00EBA181 /* AppDelegate.swift */,
			);
			name = Controller;
			sourceTree = "<group>";
		};
		F2910E1B197D879100EBA181 /* View */ = {
			isa = PBXGroup;
			children = (
				F2910E00197D877A00EBA181 /* Main.storyboard */,
				F2B78C731981F7E300D2C0D2 /* PersonTableViewCell.swift */,
			);
			name = View;
			sourceTree = "<group>";
		};
		F297C408197EC01B0064A27A /* photos */ = {
			isa = PBXGroup;
			children = (
				F2B78C8D19821A6C00D2C0D2 /* githublogo.png */,
				F2B78C8B19821A6400D2C0D2 /* twitterlogo.png */,
				F2B78C7719820B6A00D2C0D2 /* alexrice.png */,
				F2B78C7819820B6A00D2C0D2 /* blankface.png */,
				F2B78C7919820B6A00D2C0D2 /* bradJohnson.png */,
				F2B78C7A19820B6A00D2C0D2 /* collinatherton.png */,
				F2B78C7B19820B6A00D2C0D2 /* danhoang.png */,
				F2B78C7C19820B6A00D2C0D2 /* jeffgayle.png */,
				F2B78C7D19820B6A00D2C0D2 /* johnclem.png */,
				F2B78C7E19820B6A00D2C0D2 /* kirbyshabaga.png */,
				F2B78C7F19820B6A00D2C0D2 /* leonardolee.png */,
				F2B78C8019820B6A00D2C0D2 /* miketirenin.png */,
				F2B78C7519820B6000D2C0D2 /* victoradu.png */,
			);
			name = photos;
			path = ../photos;
			sourceTree = "<group>";
		};
/* End PBXGroup section */

/* Begin PBXNativeTarget section */
		F2910DF6197D877A00EBA181 /* ClassRosterB19 */ = {
			isa = PBXNativeTarget;
			buildConfigurationList = F2910E13197D877A00EBA181 /* Build configuration list for PBXNativeTarget "ClassRosterB19" */;
			buildPhases = (
				F2910DF3197D877A00EBA181 /* Sources */,
				F2910DF4197D877A00EBA181 /* Frameworks */,
				F2910DF5197D877A00EBA181 /* Resources */,
			);
			buildRules = (
			);
			dependencies = (
			);
			name = ClassRosterB19;
			productName = ClassRosterB19;
			productReference = F2910DF7197D877A00EBA181 /* ClassRosterB19.app */;
			productType = "com.apple.product-type.application";
		};
		F2910E08197D877A00EBA181 /* ClassRosterB19Tests */ = {
			isa = PBXNativeTarget;
			buildConfigurationList = F2910E16197D877A00EBA181 /* Build configuration list for PBXNativeTarget "ClassRosterB19Tests" */;
			buildPhases = (
				F2910E05197D877A00EBA181 /* Sources */,
				F2910E06197D877A00EBA181 /* Frameworks */,
				F2910E07197D877A00EBA181 /* Resources */,
			);
			buildRules = (
			);
			dependencies = (
				F2910E0B197D877A00EBA181 /* PBXTargetDependency */,
			);
			name = ClassRosterB19Tests;
			productName = ClassRosterB19Tests;
			productReference = F2910E09197D877A00EBA181 /* ClassRosterB19Tests.xctest */;
			productType = "com.apple.product-type.bundle.unit-test";
		};
/* End PBXNativeTarget section */

/* Begin PBXProject section */
		F2910DEF197D877A00EBA181 /* Project object */ = {
			isa = PBXProject;
			attributes = {
				LastUpgradeCheck = 0600;
				ORGANIZATIONNAME = "Michael Tirenin";
				TargetAttributes = {
					F2910DF6197D877A00EBA181 = {
						CreatedOnToolsVersion = 6.0;
					};
					F2910E08197D877A00EBA181 = {
						CreatedOnToolsVersion = 6.0;
						TestTargetID = F2910DF6197D877A00EBA181;
					};
				};
			};
			buildConfigurationList = F2910DF2197D877A00EBA181 /* Build configuration list for PBXProject "ClassRosterB19" */;
			compatibilityVersion = "Xcode 3.2";
			developmentRegion = English;
			hasScannedForEncodings = 0;
			knownRegions = (
				en,
				Base,
			);
			mainGroup = F2910DEE197D877A00EBA181;
			productRefGroup = F2910DF8197D877A00EBA181 /* Products */;
			projectDirPath = "";
			projectRoot = "";
			targets = (
				F2910DF6197D877A00EBA181 /* ClassRosterB19 */,
				F2910E08197D877A00EBA181 /* ClassRosterB19Tests */,
			);
		};
/* End PBXProject section */

/* Begin PBXResourcesBuildPhase section */
		F2910DF5197D877A00EBA181 /* Resources */ = {
			isa = PBXResourcesBuildPhase;
			buildActionMask = 2147483647;
			files = (
				F2DBCF55197DC588002B41AD /* ClassRoster.plist in Resources */,
				F2B78C8119820B6A00D2C0D2 /* alexrice.png in Resources */,
				F2B78C7619820B6000D2C0D2 /* victoradu.png in Resources */,
				F2B78C8C19821A6400D2C0D2 /* twitterlogo.png in Resources */,
				F2B78C8719820B6A00D2C0D2 /* johnclem.png in Resources */,
				F2B78C8E19821A6C00D2C0D2 /* githublogo.png in Resources */,
				F2B78C8919820B6A00D2C0D2 /* leonardolee.png in Resources */,
				F2B78C8A19820B6A00D2C0D2 /* miketirenin.png in Resources */,
				F2B78C8419820B6A00D2C0D2 /* collinatherton.png in Resources */,
				F2B78C8519820B6A00D2C0D2 /* danhoang.png in Resources */,
				F2B78C8619820B6A00D2C0D2 /* jeffgayle.png in Resources */,
				F2B78C8819820B6A00D2C0D2 /* kirbyshabaga.png in Resources */,
				F2B78C8219820B6A00D2C0D2 /* blankface.png in Resources */,
				F2910E02197D877A00EBA181 /* Main.storyboard in Resources */,
				F2B78C8319820B6A00D2C0D2 /* bradJohnson.png in Resources */,
				F2910E04197D877A00EBA181 /* Images.xcassets in Resources */,
			);
			runOnlyForDeploymentPostprocessing = 0;
		};
		F2910E07197D877A00EBA181 /* Resources */ = {
			isa = PBXResourcesBuildPhase;
			buildActionMask = 2147483647;
			files = (
				F2DBCF56197DC588002B41AD /* ClassRoster.plist in Resources */,
			);
			runOnlyForDeploymentPostprocessing = 0;
		};
/* End PBXResourcesBuildPhase section */

/* Begin PBXSourcesBuildPhase section */
		F2910DF3197D877A00EBA181 /* Sources */ = {
			isa = PBXSourcesBuildPhase;
			buildActionMask = 2147483647;
			files = (
				F2910E1F197D8AC600EBA181 /* Person.swift in Sources */,
				F2910DFF197D877A00EBA181 /* PeopleViewController.swift in Sources */,
				F2910DFD197D877A00EBA181 /* AppDelegate.swift in Sources */,
				F2B78C741981F7E300D2C0D2 /* PersonTableViewCell.swift in Sources */,
				F297C420197EE7860064A27A /* DetailViewController.swift in Sources */,
			);
			runOnlyForDeploymentPostprocessing = 0;
		};
		F2910E05197D877A00EBA181 /* Sources */ = {
			isa = PBXSourcesBuildPhase;
			buildActionMask = 2147483647;
			files = (
				F2910E20197D8B6400EBA181 /* Person.swift in Sources */,
				F2910E1D197D89C600EBA181 /* PersonTests.swift in Sources */,
				F2910E10197D877A00EBA181 /* ClassRosterB19Tests.swift in Sources */,
			);
			runOnlyForDeploymentPostprocessing = 0;
		};
/* End PBXSourcesBuildPhase section */

/* Begin PBXTargetDependency section */
		F2910E0B197D877A00EBA181 /* PBXTargetDependency */ = {
			isa = PBXTargetDependency;
			target = F2910DF6197D877A00EBA181 /* ClassRosterB19 */;
			targetProxy = F2910E0A197D877A00EBA181 /* PBXContainerItemProxy */;
		};
/* End PBXTargetDependency section */

/* Begin PBXVariantGroup section */
		F2910E00197D877A00EBA181 /* Main.storyboard */ = {
			isa = PBXVariantGroup;
			children = (
				F2910E01197D877A00EBA181 /* Base */,
			);
			name = Main.storyboard;
			sourceTree = "<group>";
		};
/* End PBXVariantGroup section */

/* Begin XCBuildConfiguration section */
		F2910E11197D877A00EBA181 /* Debug */ = {
			isa = XCBuildConfiguration;
			buildSettings = {
				ALWAYS_SEARCH_USER_PATHS = NO;
				CLANG_CXX_LANGUAGE_STANDARD = "gnu++0x";
				CLANG_CXX_LIBRARY = "libc++";
				CLANG_ENABLE_MODULES = YES;
				CLANG_ENABLE_OBJC_ARC = YES;
				CLANG_WARN_BOOL_CONVERSION = YES;
				CLANG_WARN_CONSTANT_CONVERSION = YES;
				CLANG_WARN_DIRECT_OBJC_ISA_USAGE = YES_ERROR;
				CLANG_WARN_EMPTY_BODY = YES;
				CLANG_WARN_ENUM_CONVERSION = YES;
				CLANG_WARN_INT_CONVERSION = YES;
				CLANG_WARN_OBJC_ROOT_CLASS = YES_ERROR;
				CLANG_WARN_UNREACHABLE_CODE = YES;
				CLANG_WARN__DUPLICATE_METHOD_MATCH = YES;
				"CODE_SIGN_IDENTITY[sdk=iphoneos*]" = "iPhone Developer";
				COPY_PHASE_STRIP = NO;
				ENABLE_STRICT_OBJC_MSGSEND = YES;
				GCC_C_LANGUAGE_STANDARD = gnu99;
				GCC_DYNAMIC_NO_PIC = NO;
				GCC_OPTIMIZATION_LEVEL = 0;
				GCC_PREPROCESSOR_DEFINITIONS = (
					"DEBUG=1",
					"$(inherited)",
				);
				GCC_SYMBOLS_PRIVATE_EXTERN = NO;
				GCC_WARN_64_TO_32_BIT_CONVERSION = YES;
				GCC_WARN_ABOUT_RETURN_TYPE = YES_ERROR;
				GCC_WARN_UNDECLARED_SELECTOR = YES;
				GCC_WARN_UNINITIALIZED_AUTOS = YES_AGGRESSIVE;
				GCC_WARN_UNUSED_FUNCTION = YES;
				GCC_WARN_UNUSED_VARIABLE = YES;
				IPHONEOS_DEPLOYMENT_TARGET = 8.0;
				METAL_ENABLE_DEBUG_INFO = YES;
				ONLY_ACTIVE_ARCH = YES;
				SDKROOT = iphoneos;
				SWIFT_OPTIMIZATION_LEVEL = "-Onone";
				TARGETED_DEVICE_FAMILY = "1,2";
			};
			name = Debug;
		};
		F2910E12197D877A00EBA181 /* Release */ = {
			isa = XCBuildConfiguration;
			buildSettings = {
				ALWAYS_SEARCH_USER_PATHS = NO;
				CLANG_CXX_LANGUAGE_STANDARD = "gnu++0x";
				CLANG_CXX_LIBRARY = "libc++";
				CLANG_ENABLE_MODULES = YES;
				CLANG_ENABLE_OBJC_ARC = YES;
				CLANG_WARN_BOOL_CONVERSION = YES;
				CLANG_WARN_CONSTANT_CONVERSION = YES;
				CLANG_WARN_DIRECT_OBJC_ISA_USAGE = YES_ERROR;
				CLANG_WARN_EMPTY_BODY = YES;
				CLANG_WARN_ENUM_CONVERSION = YES;
				CLANG_WARN_INT_CONVERSION = YES;
				CLANG_WARN_OBJC_ROOT_CLASS = YES_ERROR;
				CLANG_WARN_UNREACHABLE_CODE = YES;
				CLANG_WARN__DUPLICATE_METHOD_MATCH = YES;
				"CODE_SIGN_IDENTITY[sdk=iphoneos*]" = "iPhone Developer";
				COPY_PHASE_STRIP = YES;
				ENABLE_NS_ASSERTIONS = NO;
				ENABLE_STRICT_OBJC_MSGSEND = YES;
				GCC_C_LANGUAGE_STANDARD = gnu99;
				GCC_WARN_64_TO_32_BIT_CONVERSION = YES;
				GCC_WARN_ABOUT_RETURN_TYPE = YES_ERROR;
				GCC_WARN_UNDECLARED_SELECTOR = YES;
				GCC_WARN_UNINITIALIZED_AUTOS = YES_AGGRESSIVE;
				GCC_WARN_UNUSED_FUNCTION = YES;
				GCC_WARN_UNUSED_VARIABLE = YES;
				IPHONEOS_DEPLOYMENT_TARGET = 8.0;
				METAL_ENABLE_DEBUG_INFO = NO;
				SDKROOT = iphoneos;
				TARGETED_DEVICE_FAMILY = "1,2";
				VALIDATE_PRODUCT = YES;
			};
			name = Release;
		};
		F2910E14197D877A00EBA181 /* Debug */ = {
			isa = XCBuildConfiguration;
			buildSettings = {
				ASSETCATALOG_COMPILER_APPICON_NAME = AppIcon;
				ASSETCATALOG_COMPILER_LAUNCHIMAGE_NAME = LaunchImage;
				INFOPLIST_FILE = ClassRosterB19/Info.plist;
				LD_RUNPATH_SEARCH_PATHS = "$(inherited) @executable_path/Frameworks";
				PRODUCT_NAME = "$(TARGET_NAME)";
			};
			name = Debug;
		};
		F2910E15197D877A00EBA181 /* Release */ = {
			isa = XCBuildConfiguration;
			buildSettings = {
				ASSETCATALOG_COMPILER_APPICON_NAME = AppIcon;
				ASSETCATALOG_COMPILER_LAUNCHIMAGE_NAME = LaunchImage;
				INFOPLIST_FILE = ClassRosterB19/Info.plist;
				LD_RUNPATH_SEARCH_PATHS = "$(inherited) @executable_path/Frameworks";
				PRODUCT_NAME = "$(TARGET_NAME)";
			};
			name = Release;
		};
		F2910E17197D877A00EBA181 /* Debug */ = {
			isa = XCBuildConfiguration;
			buildSettings = {
				BUNDLE_LOADER = "$(BUILT_PRODUCTS_DIR)/ClassRosterB19.app/ClassRosterB19";
				FRAMEWORK_SEARCH_PATHS = (
					"$(SDKROOT)/Developer/Library/Frameworks",
					"$(inherited)",
				);
				GCC_PREPROCESSOR_DEFINITIONS = (
					"DEBUG=1",
					"$(inherited)",
				);
				INFOPLIST_FILE = ClassRosterB19Tests/Info.plist;
				LD_RUNPATH_SEARCH_PATHS = "$(inherited) @executable_path/Frameworks @loader_path/Frameworks";
				METAL_ENABLE_DEBUG_INFO = YES;
				PRODUCT_NAME = "$(TARGET_NAME)";
				TEST_HOST = "$(BUNDLE_LOADER)";
			};
			name = Debug;
		};
		F2910E18197D877A00EBA181 /* Release */ = {
			isa = XCBuildConfiguration;
			buildSettings = {
				BUNDLE_LOADER = "$(BUILT_PRODUCTS_DIR)/ClassRosterB19.app/ClassRosterB19";
				FRAMEWORK_SEARCH_PATHS = (
					"$(SDKROOT)/Developer/Library/Frameworks",
					"$(inherited)",
				);
				INFOPLIST_FILE = ClassRosterB19Tests/Info.plist;
				LD_RUNPATH_SEARCH_PATHS = "$(inherited) @executable_path/Frameworks @loader_path/Frameworks";
				METAL_ENABLE_DEBUG_INFO = NO;
				PRODUCT_NAME = "$(TARGET_NAME)";
				TEST_HOST = "$(BUNDLE_LOADER)";
			};
			name = Release;
		};
/* End XCBuildConfiguration section */

/* Begin XCConfigurationList section */
		F2910DF2197D877A00EBA181 /* Build configuration list for PBXProject "ClassRosterB19" */ = {
			isa = XCConfigurationList;
			buildConfigurations = (
				F2910E11197D877A00EBA181 /* Debug */,
				F2910E12197D877A00EBA181 /* Release */,
			);
			defaultConfigurationIsVisible = 0;
			defaultConfigurationName = Release;
		};
		F2910E13197D877A00EBA181 /* Build configuration list for PBXNativeTarget "ClassRosterB19" */ = {
			isa = XCConfigurationList;
			buildConfigurations = (
				F2910E14197D877A00EBA181 /* Debug */,
				F2910E15197D877A00EBA181 /* Release */,
			);
			defaultConfigurationIsVisible = 0;
			defaultConfigurationName = Release;
		};
		F2910E16197D877A00EBA181 /* Build configuration list for PBXNativeTarget "ClassRosterB19Tests" */ = {
			isa = XCConfigurationList;
			buildConfigurations = (
				F2910E17197D877A00EBA181 /* Debug */,
				F2910E18197D877A00EBA181 /* Release */,
			);
			defaultConfigurationIsVisible = 0;
			defaultConfigurationName = Release;
		};
/* End XCConfigurationList section */
	};
	rootObject = F2910DEF197D877A00EBA181 /* Project object */;
}
